
Microsoft Visual Studio Solution File, Format Version 12.00
# Visual Studio 15
VisualStudioVersion = 15.0.27004.2002
MinimumVisualStudioVersion = 10.0.40219.1
Project("{FAE04EC0-301F-11D3-BF4B-00C04F79EFBC}") = "z1", "..\..\source\repos\ConsoleApp5\ConsoleApp5\z1.csproj", "{C8E4C17B-1641-4FCD-ADBE-C9EADB056509}"
EndProject
Project("{FAE04EC0-301F-11D3-BF4B-00C04F79EFBC}") = "z2", "..\..\source\repos\ConsoleApp5\ConsoleApp2\z2.csproj", "{7D6B227D-CEA4-4E17-B4DE-5526E4F9A176}"
EndProject
Project("{FAE04EC0-301F-11D3-BF4B-00C04F79EFBC}") = "z3", "..\..\source\repos\ConsoleApp5\z3\z3.csproj", "{C0D32333-12DB-4DA0-97D6-515D03C5DC5E}"
EndProject
Project("{FAE04EC0-301F-11D3-BF4B-00C04F79EFBC}") = "z4", "..\..\source\repos\ConsoleApp5\ConsoleApp3\z4.csproj", "{DEFF48F2-78AF-4D39-BB13-5E28662C7412}"
EndProject
Project("{FAE04EC0-301F-11D3-BF4B-00C04F79EFBC}") = "z6", "..\..\source\repos\ConsoleApp5\ConsoleApp4\z6.csproj", "{DC1F7B1A-5DB9-4357-BDF4-A35D166CBB1E}"
EndProject
Global
	GlobalSection(SolutionConfigurationPlatforms) = preSolution
		Debug|Any CPU = Debug|Any CPU
		Release|Any CPU = Release|Any CPU
	EndGlobalSection
	GlobalSection(ProjectConfigurationPlatforms) = postSolution
		{C8E4C17B-1641-4FCD-ADBE-C9EADB056509}.Debug|Any CPU.ActiveCfg = Debug|Any CPU
		{C8E4C17B-1641-4FCD-ADBE-C9EADB056509}.Debug|Any CPU.Build.0 = Debug|Any CPU
		{C8E4C17B-1641-4FCD-ADBE-C9EADB056509}.Release|Any CPU.ActiveCfg = Release|Any CPU
		{C8E4C17B-1641-4FCD-ADBE-C9EADB056509}.Release|Any CPU.Build.0 = Release|Any CPU
		{7D6B227D-CEA4-4E17-B4DE-5526E4F9A176}.Debug|Any CPU.ActiveCfg = Debug|Any CPU
		{7D6B227D-CEA4-4E17-B4DE-5526E4F9A176}.Debug|Any CPU.Build.0 = Debug|Any CPU
		{7D6B227D-CEA4-4E17-B4DE-5526E4F9A176}.Release|Any CPU.ActiveCfg = Release|Any CPU
		{7D6B227D-CEA4-4E17-B4DE-5526E4F9A176}.Release|Any CPU.Build.0 = Release|Any CPU
		{C0D32333-12DB-4DA0-97D6-515D03C5DC5E}.Debug|Any CPU.ActiveCfg = Debug|Any CPU
		{C0D32333-12DB-4DA0-97D6-515D03C5DC5E}.Debug|Any CPU.Build.0 = Debug|Any CPU
		{C0D32333-12DB-4DA0-97D6-515D03C5DC5E}.Release|Any CPU.ActiveCfg = Release|Any CPU
		{C0D32333-12DB-4DA0-97D6-515D03C5DC5E}.Release|Any CPU.Build.0 = Release|Any CPU
		{DEFF48F2-78AF-4D39-BB13-5E28662C7412}.Debug|Any CPU.ActiveCfg = Debug|Any CPU
		{DEFF48F2-78AF-4D39-BB13-5E28662C7412}.Debug|Any CPU.Build.0 = Debug|Any CPU
		{DEFF48F2-78AF-4D39-BB13-5E28662C7412}.Release|Any CPU.ActiveCfg = Release|Any CPU
		{DEFF48F2-78AF-4D39-BB13-5E28662C7412}.Release|Any CPU.Build.0 = Release|Any CPU
		{DC1F7B1A-5DB9-4357-BDF4-A35D166CBB1E}.Debug|Any CPU.ActiveCfg = Debug|Any CPU
		{DC1F7B1A-5DB9-4357-BDF4-A35D166CBB1E}.Debug|Any CPU.Build.0 = Debug|Any CPU
		{DC1F7B1A-5DB9-4357-BDF4-A35D166CBB1E}.Release|Any CPU.ActiveCfg = Release|Any CPU
		{DC1F7B1A-5DB9-4357-BDF4-A35D166CBB1E}.Release|Any CPU.Build.0 = Release|Any CPU
	EndGlobalSection
	GlobalSection(SolutionProperties) = preSolution
		HideSolutionNode = FALSE
	EndGlobalSection
	GlobalSection(ExtensibilityGlobals) = postSolution
		SolutionGuid = {24D41408-48EA-4ABD-A861-F652ECCEAF58}
	EndGlobalSection
EndGlobal
