
Microsoft Visual Studio Solution File, Format Version 12.00
# Visual Studio 15
VisualStudioVersion = 15.0.27004.2002
MinimumVisualStudioVersion = 10.0.40219.1
Project("{FAE04EC0-301F-11D3-BF4B-00C04F79EFBC}") = "zadanie1", "lab3\zadanie1.csproj", "{7E0E6299-474A-40A6-B0F8-FB79D0C737B0}"
EndProject
Project("{FAE04EC0-301F-11D3-BF4B-00C04F79EFBC}") = "zadanie2", "zadanie2\zadanie2.csproj", "{5D031577-9ADA-4572-892C-18B76F9E6BDE}"
EndProject
Project("{FAE04EC0-301F-11D3-BF4B-00C04F79EFBC}") = "zadanie3", "zadanie3\zadanie3.csproj", "{B735CA0D-CD7F-40A6-AB69-FB122700B221}"
EndProject
Project("{FAE04EC0-301F-11D3-BF4B-00C04F79EFBC}") = "zadanie4", "zadanie4\zadanie4.csproj", "{3BF6CE69-5A24-44D4-BBBC-015BEC49054C}"
EndProject
Project("{FAE04EC0-301F-11D3-BF4B-00C04F79EFBC}") = "zadanie5", "zadanie5\zadanie5.csproj", "{59208006-048C-45B6-B68A-B50F5ED1B287}"
EndProject
Project("{FAE04EC0-301F-11D3-BF4B-00C04F79EFBC}") = "zadanie6", "zadanie6\zadanie6.csproj", "{85568215-EBC4-4B5D-9892-EA54B7005857}"
EndProject
Project("{FAE04EC0-301F-11D3-BF4B-00C04F79EFBC}") = "zadanie9", "zadanie9\zadanie9.csproj", "{CF2C1B9D-196E-4C6D-916D-7A7C2F3C7C1E}"
EndProject
Project("{FAE04EC0-301F-11D3-BF4B-00C04F79EFBC}") = "zadanie10", "zadanie10\zadanie10.csproj", "{604F9E20-2BCA-4553-A326-4048E0723BFD}"
EndProject
Project("{FAE04EC0-301F-11D3-BF4B-00C04F79EFBC}") = "zadanie11", "zadanie11\zadanie11.csproj", "{17C353AC-3C85-46D3-A004-457704129373}"
EndProject
Project("{FAE04EC0-301F-11D3-BF4B-00C04F79EFBC}") = "zadanie12", "zadanie12\zadanie12.csproj", "{ACC8200D-BBF2-4F6A-BCAD-BFBBFA20D12A}"
EndProject
Project("{FAE04EC0-301F-11D3-BF4B-00C04F79EFBC}") = "zadanie13", "zadanie13\zadanie13.csproj", "{26AC18BD-3211-4766-A52D-8D2F17982959}"
EndProject
Project("{FAE04EC0-301F-11D3-BF4B-00C04F79EFBC}") = "zadanie14", "zadanie14\zadanie14.csproj", "{9B6BB98F-F962-4C9E-AA9F-15EA54666B02}"
EndProject
Project("{FAE04EC0-301F-11D3-BF4B-00C04F79EFBC}") = "zadanie15", "zadanie15\zadanie15.csproj", "{198FD646-B4ED-4102-8F74-0D8F39C37DD7}"
EndProject
Project("{FAE04EC0-301F-11D3-BF4B-00C04F79EFBC}") = "zadanie16", "zadanie16\zadanie16.csproj", "{8DF9BE59-9BC9-4EE5-8145-F15D51E20228}"
EndProject
Project("{FAE04EC0-301F-11D3-BF4B-00C04F79EFBC}") = "zadanie7", "zadanie7\zadanie7.csproj", "{5FDCD7BA-3EFD-4003-B348-12AF0E5742FD}"
EndProject
Project("{FAE04EC0-301F-11D3-BF4B-00C04F79EFBC}") = "zadanie8", "zadanie8\zadanie8.csproj", "{D7A2F69B-D43F-4668-B9B1-0CAE2DCC3FAE}"
EndProject
Project("{FAE04EC0-301F-11D3-BF4B-00C04F79EFBC}") = "zadanie17", "zadanie17\zadanie17.csproj", "{799F6550-CA1E-4137-B0EE-C68F5DB88ED7}"
EndProject
Project("{FAE04EC0-301F-11D3-BF4B-00C04F79EFBC}") = "zadanie18", "zadanie18\zadanie18.csproj", "{E0FF0A46-0E2D-483A-833A-CE86679D1885}"
EndProject
Project("{FAE04EC0-301F-11D3-BF4B-00C04F79EFBC}") = "zadanie19", "zadanie19\zadanie19.csproj", "{40E49493-AD2B-4A72-BCF8-B7C42707504F}"
EndProject
Project("{FAE04EC0-301F-11D3-BF4B-00C04F79EFBC}") = "zadanie20", "zadanie20\zadanie20.csproj", "{F0B8C184-E4C3-4E27-AE58-E6D95D3CA797}"
EndProject
Project("{FAE04EC0-301F-11D3-BF4B-00C04F79EFBC}") = "zadanie21", "zadanie21\zadanie21.csproj", "{5020C2E8-DABD-4D33-8574-309589D2D95F}"
EndProject
Project("{FAE04EC0-301F-11D3-BF4B-00C04F79EFBC}") = "zadanie22", "zadanie22\zadanie22.csproj", "{EBA56D95-D2C5-42AD-8771-4E6173B2834E}"
EndProject
Project("{FAE04EC0-301F-11D3-BF4B-00C04F79EFBC}") = "zadanie23", "zadanie23\zadanie23.csproj", "{4DC61019-A79B-4DDD-A6B6-2DEB50332789}"
EndProject
Project("{FAE04EC0-301F-11D3-BF4B-00C04F79EFBC}") = "zadanie24", "zadanie24\zadanie24.csproj", "{F1E816B2-A988-4C7B-8E48-AAA494B4B5D1}"
EndProject
Project("{FAE04EC0-301F-11D3-BF4B-00C04F79EFBC}") = "zadanie25", "zadanie25\zadanie25.csproj", "{9C67197E-077A-4B2D-9006-B6D130B90143}"
EndProject
Project("{FAE04EC0-301F-11D3-BF4B-00C04F79EFBC}") = "zadanie26", "zadanie26\zadanie26.csproj", "{7EA63F93-EA89-422A-BBAB-0160317CD177}"
EndProject
Project("{FAE04EC0-301F-11D3-BF4B-00C04F79EFBC}") = "zadanie27", "zadanie27\zadanie27.csproj", "{5A84FB63-6B0D-4986-82AB-41734FE6CAE0}"
EndProject
Project("{FAE04EC0-301F-11D3-BF4B-00C04F79EFBC}") = "zadanie28", "zadanie28\zadanie28.csproj", "{934C75C3-6C54-4693-AEB0-49062F609D38}"
EndProject
Project("{FAE04EC0-301F-11D3-BF4B-00C04F79EFBC}") = "zadanie29", "zadanie29\zadanie29.csproj", "{C3531EBC-27D2-440E-A396-579B3BA16DCD}"
EndProject
Project("{FAE04EC0-301F-11D3-BF4B-00C04F79EFBC}") = "zadanie30", "zadanie30\zadanie30.csproj", "{D39E8EF8-576D-4B8D-846C-F66F2A70D9D2}"
EndProject
Project("{FAE04EC0-301F-11D3-BF4B-00C04F79EFBC}") = "zadanie31", "zadanie31\zadanie31.csproj", "{5AF1C1A5-ABE0-4B4E-8F43-257A2BCC935E}"
EndProject
Project("{FAE04EC0-301F-11D3-BF4B-00C04F79EFBC}") = "zadanie32", "zadanie32\zadanie32.csproj", "{00DF7E84-B13C-4760-98C1-B0619835E1C5}"
EndProject
Project("{FAE04EC0-301F-11D3-BF4B-00C04F79EFBC}") = "zadanie33", "zadanie33\zadanie33.csproj", "{D792F815-02F9-4C30-92FA-1C40ED0879FE}"
EndProject
Project("{FAE04EC0-301F-11D3-BF4B-00C04F79EFBC}") = "zadanie34", "zadanie34\zadanie34.csproj", "{D0F6A0E7-50EA-4F32-8BFD-D86D81BF7E17}"
EndProject
Global
	GlobalSection(SolutionConfigurationPlatforms) = preSolution
		Debug|Any CPU = Debug|Any CPU
		Release|Any CPU = Release|Any CPU
	EndGlobalSection
	GlobalSection(ProjectConfigurationPlatforms) = postSolution
		{7E0E6299-474A-40A6-B0F8-FB79D0C737B0}.Debug|Any CPU.ActiveCfg = Debug|Any CPU
		{7E0E6299-474A-40A6-B0F8-FB79D0C737B0}.Debug|Any CPU.Build.0 = Debug|Any CPU
		{7E0E6299-474A-40A6-B0F8-FB79D0C737B0}.Release|Any CPU.ActiveCfg = Release|Any CPU
		{7E0E6299-474A-40A6-B0F8-FB79D0C737B0}.Release|Any CPU.Build.0 = Release|Any CPU
		{5D031577-9ADA-4572-892C-18B76F9E6BDE}.Debug|Any CPU.ActiveCfg = Debug|Any CPU
		{5D031577-9ADA-4572-892C-18B76F9E6BDE}.Debug|Any CPU.Build.0 = Debug|Any CPU
		{5D031577-9ADA-4572-892C-18B76F9E6BDE}.Release|Any CPU.ActiveCfg = Release|Any CPU
		{5D031577-9ADA-4572-892C-18B76F9E6BDE}.Release|Any CPU.Build.0 = Release|Any CPU
		{B735CA0D-CD7F-40A6-AB69-FB122700B221}.Debug|Any CPU.ActiveCfg = Debug|Any CPU
		{B735CA0D-CD7F-40A6-AB69-FB122700B221}.Debug|Any CPU.Build.0 = Debug|Any CPU
		{B735CA0D-CD7F-40A6-AB69-FB122700B221}.Release|Any CPU.ActiveCfg = Release|Any CPU
		{B735CA0D-CD7F-40A6-AB69-FB122700B221}.Release|Any CPU.Build.0 = Release|Any CPU
		{3BF6CE69-5A24-44D4-BBBC-015BEC49054C}.Debug|Any CPU.ActiveCfg = Debug|Any CPU
		{3BF6CE69-5A24-44D4-BBBC-015BEC49054C}.Debug|Any CPU.Build.0 = Debug|Any CPU
		{3BF6CE69-5A24-44D4-BBBC-015BEC49054C}.Release|Any CPU.ActiveCfg = Release|Any CPU
		{3BF6CE69-5A24-44D4-BBBC-015BEC49054C}.Release|Any CPU.Build.0 = Release|Any CPU
		{59208006-048C-45B6-B68A-B50F5ED1B287}.Debug|Any CPU.ActiveCfg = Debug|Any CPU
		{59208006-048C-45B6-B68A-B50F5ED1B287}.Debug|Any CPU.Build.0 = Debug|Any CPU
		{59208006-048C-45B6-B68A-B50F5ED1B287}.Release|Any CPU.ActiveCfg = Release|Any CPU
		{59208006-048C-45B6-B68A-B50F5ED1B287}.Release|Any CPU.Build.0 = Release|Any CPU
		{85568215-EBC4-4B5D-9892-EA54B7005857}.Debug|Any CPU.ActiveCfg = Debug|Any CPU
		{85568215-EBC4-4B5D-9892-EA54B7005857}.Debug|Any CPU.Build.0 = Debug|Any CPU
		{85568215-EBC4-4B5D-9892-EA54B7005857}.Release|Any CPU.ActiveCfg = Release|Any CPU
		{85568215-EBC4-4B5D-9892-EA54B7005857}.Release|Any CPU.Build.0 = Release|Any CPU
		{CF2C1B9D-196E-4C6D-916D-7A7C2F3C7C1E}.Debug|Any CPU.ActiveCfg = Debug|Any CPU
		{CF2C1B9D-196E-4C6D-916D-7A7C2F3C7C1E}.Debug|Any CPU.Build.0 = Debug|Any CPU
		{CF2C1B9D-196E-4C6D-916D-7A7C2F3C7C1E}.Release|Any CPU.ActiveCfg = Release|Any CPU
		{CF2C1B9D-196E-4C6D-916D-7A7C2F3C7C1E}.Release|Any CPU.Build.0 = Release|Any CPU
		{604F9E20-2BCA-4553-A326-4048E0723BFD}.Debug|Any CPU.ActiveCfg = Debug|Any CPU
		{604F9E20-2BCA-4553-A326-4048E0723BFD}.Debug|Any CPU.Build.0 = Debug|Any CPU
		{604F9E20-2BCA-4553-A326-4048E0723BFD}.Release|Any CPU.ActiveCfg = Release|Any CPU
		{604F9E20-2BCA-4553-A326-4048E0723BFD}.Release|Any CPU.Build.0 = Release|Any CPU
		{17C353AC-3C85-46D3-A004-457704129373}.Debug|Any CPU.ActiveCfg = Debug|Any CPU
		{17C353AC-3C85-46D3-A004-457704129373}.Debug|Any CPU.Build.0 = Debug|Any CPU
		{17C353AC-3C85-46D3-A004-457704129373}.Release|Any CPU.ActiveCfg = Release|Any CPU
		{17C353AC-3C85-46D3-A004-457704129373}.Release|Any CPU.Build.0 = Release|Any CPU
		{ACC8200D-BBF2-4F6A-BCAD-BFBBFA20D12A}.Debug|Any CPU.ActiveCfg = Debug|Any CPU
		{ACC8200D-BBF2-4F6A-BCAD-BFBBFA20D12A}.Debug|Any CPU.Build.0 = Debug|Any CPU
		{ACC8200D-BBF2-4F6A-BCAD-BFBBFA20D12A}.Release|Any CPU.ActiveCfg = Release|Any CPU
		{ACC8200D-BBF2-4F6A-BCAD-BFBBFA20D12A}.Release|Any CPU.Build.0 = Release|Any CPU
		{26AC18BD-3211-4766-A52D-8D2F17982959}.Debug|Any CPU.ActiveCfg = Debug|Any CPU
		{26AC18BD-3211-4766-A52D-8D2F17982959}.Debug|Any CPU.Build.0 = Debug|Any CPU
		{26AC18BD-3211-4766-A52D-8D2F17982959}.Release|Any CPU.ActiveCfg = Release|Any CPU
		{26AC18BD-3211-4766-A52D-8D2F17982959}.Release|Any CPU.Build.0 = Release|Any CPU
		{9B6BB98F-F962-4C9E-AA9F-15EA54666B02}.Debug|Any CPU.ActiveCfg = Debug|Any CPU
		{9B6BB98F-F962-4C9E-AA9F-15EA54666B02}.Debug|Any CPU.Build.0 = Debug|Any CPU
		{9B6BB98F-F962-4C9E-AA9F-15EA54666B02}.Release|Any CPU.ActiveCfg = Release|Any CPU
		{9B6BB98F-F962-4C9E-AA9F-15EA54666B02}.Release|Any CPU.Build.0 = Release|Any CPU
		{198FD646-B4ED-4102-8F74-0D8F39C37DD7}.Debug|Any CPU.ActiveCfg = Debug|Any CPU
		{198FD646-B4ED-4102-8F74-0D8F39C37DD7}.Debug|Any CPU.Build.0 = Debug|Any CPU
		{198FD646-B4ED-4102-8F74-0D8F39C37DD7}.Release|Any CPU.ActiveCfg = Release|Any CPU
		{198FD646-B4ED-4102-8F74-0D8F39C37DD7}.Release|Any CPU.Build.0 = Release|Any CPU
		{8DF9BE59-9BC9-4EE5-8145-F15D51E20228}.Debug|Any CPU.ActiveCfg = Debug|Any CPU
		{8DF9BE59-9BC9-4EE5-8145-F15D51E20228}.Debug|Any CPU.Build.0 = Debug|Any CPU
		{8DF9BE59-9BC9-4EE5-8145-F15D51E20228}.Release|Any CPU.ActiveCfg = Release|Any CPU
		{8DF9BE59-9BC9-4EE5-8145-F15D51E20228}.Release|Any CPU.Build.0 = Release|Any CPU
		{5FDCD7BA-3EFD-4003-B348-12AF0E5742FD}.Debug|Any CPU.ActiveCfg = Debug|Any CPU
		{5FDCD7BA-3EFD-4003-B348-12AF0E5742FD}.Debug|Any CPU.Build.0 = Debug|Any CPU
		{5FDCD7BA-3EFD-4003-B348-12AF0E5742FD}.Release|Any CPU.ActiveCfg = Release|Any CPU
		{5FDCD7BA-3EFD-4003-B348-12AF0E5742FD}.Release|Any CPU.Build.0 = Release|Any CPU
		{D7A2F69B-D43F-4668-B9B1-0CAE2DCC3FAE}.Debug|Any CPU.ActiveCfg = Debug|Any CPU
		{D7A2F69B-D43F-4668-B9B1-0CAE2DCC3FAE}.Debug|Any CPU.Build.0 = Debug|Any CPU
		{D7A2F69B-D43F-4668-B9B1-0CAE2DCC3FAE}.Release|Any CPU.ActiveCfg = Release|Any CPU
		{D7A2F69B-D43F-4668-B9B1-0CAE2DCC3FAE}.Release|Any CPU.Build.0 = Release|Any CPU
		{799F6550-CA1E-4137-B0EE-C68F5DB88ED7}.Debug|Any CPU.ActiveCfg = Debug|Any CPU
		{799F6550-CA1E-4137-B0EE-C68F5DB88ED7}.Debug|Any CPU.Build.0 = Debug|Any CPU
		{799F6550-CA1E-4137-B0EE-C68F5DB88ED7}.Release|Any CPU.ActiveCfg = Release|Any CPU
		{799F6550-CA1E-4137-B0EE-C68F5DB88ED7}.Release|Any CPU.Build.0 = Release|Any CPU
		{E0FF0A46-0E2D-483A-833A-CE86679D1885}.Debug|Any CPU.ActiveCfg = Debug|Any CPU
		{E0FF0A46-0E2D-483A-833A-CE86679D1885}.Debug|Any CPU.Build.0 = Debug|Any CPU
		{E0FF0A46-0E2D-483A-833A-CE86679D1885}.Release|Any CPU.ActiveCfg = Release|Any CPU
		{E0FF0A46-0E2D-483A-833A-CE86679D1885}.Release|Any CPU.Build.0 = Release|Any CPU
		{40E49493-AD2B-4A72-BCF8-B7C42707504F}.Debug|Any CPU.ActiveCfg = Debug|Any CPU
		{40E49493-AD2B-4A72-BCF8-B7C42707504F}.Debug|Any CPU.Build.0 = Debug|Any CPU
		{40E49493-AD2B-4A72-BCF8-B7C42707504F}.Release|Any CPU.ActiveCfg = Release|Any CPU
		{40E49493-AD2B-4A72-BCF8-B7C42707504F}.Release|Any CPU.Build.0 = Release|Any CPU
		{F0B8C184-E4C3-4E27-AE58-E6D95D3CA797}.Debug|Any CPU.ActiveCfg = Debug|Any CPU
		{F0B8C184-E4C3-4E27-AE58-E6D95D3CA797}.Debug|Any CPU.Build.0 = Debug|Any CPU
		{F0B8C184-E4C3-4E27-AE58-E6D95D3CA797}.Release|Any CPU.ActiveCfg = Release|Any CPU
		{F0B8C184-E4C3-4E27-AE58-E6D95D3CA797}.Release|Any CPU.Build.0 = Release|Any CPU
		{5020C2E8-DABD-4D33-8574-309589D2D95F}.Debug|Any CPU.ActiveCfg = Debug|Any CPU
		{5020C2E8-DABD-4D33-8574-309589D2D95F}.Debug|Any CPU.Build.0 = Debug|Any CPU
		{5020C2E8-DABD-4D33-8574-309589D2D95F}.Release|Any CPU.ActiveCfg = Release|Any CPU
		{5020C2E8-DABD-4D33-8574-309589D2D95F}.Release|Any CPU.Build.0 = Release|Any CPU
		{EBA56D95-D2C5-42AD-8771-4E6173B2834E}.Debug|Any CPU.ActiveCfg = Debug|Any CPU
		{EBA56D95-D2C5-42AD-8771-4E6173B2834E}.Debug|Any CPU.Build.0 = Debug|Any CPU
		{EBA56D95-D2C5-42AD-8771-4E6173B2834E}.Release|Any CPU.ActiveCfg = Release|Any CPU
		{EBA56D95-D2C5-42AD-8771-4E6173B2834E}.Release|Any CPU.Build.0 = Release|Any CPU
		{4DC61019-A79B-4DDD-A6B6-2DEB50332789}.Debug|Any CPU.ActiveCfg = Debug|Any CPU
		{4DC61019-A79B-4DDD-A6B6-2DEB50332789}.Debug|Any CPU.Build.0 = Debug|Any CPU
		{4DC61019-A79B-4DDD-A6B6-2DEB50332789}.Release|Any CPU.ActiveCfg = Release|Any CPU
		{4DC61019-A79B-4DDD-A6B6-2DEB50332789}.Release|Any CPU.Build.0 = Release|Any CPU
		{F1E816B2-A988-4C7B-8E48-AAA494B4B5D1}.Debug|Any CPU.ActiveCfg = Debug|Any CPU
		{F1E816B2-A988-4C7B-8E48-AAA494B4B5D1}.Debug|Any CPU.Build.0 = Debug|Any CPU
		{F1E816B2-A988-4C7B-8E48-AAA494B4B5D1}.Release|Any CPU.ActiveCfg = Release|Any CPU
		{F1E816B2-A988-4C7B-8E48-AAA494B4B5D1}.Release|Any CPU.Build.0 = Release|Any CPU
		{9C67197E-077A-4B2D-9006-B6D130B90143}.Debug|Any CPU.ActiveCfg = Debug|Any CPU
		{9C67197E-077A-4B2D-9006-B6D130B90143}.Debug|Any CPU.Build.0 = Debug|Any CPU
		{9C67197E-077A-4B2D-9006-B6D130B90143}.Release|Any CPU.ActiveCfg = Release|Any CPU
		{9C67197E-077A-4B2D-9006-B6D130B90143}.Release|Any CPU.Build.0 = Release|Any CPU
		{7EA63F93-EA89-422A-BBAB-0160317CD177}.Debug|Any CPU.ActiveCfg = Debug|Any CPU
		{7EA63F93-EA89-422A-BBAB-0160317CD177}.Debug|Any CPU.Build.0 = Debug|Any CPU
		{7EA63F93-EA89-422A-BBAB-0160317CD177}.Release|Any CPU.ActiveCfg = Release|Any CPU
		{7EA63F93-EA89-422A-BBAB-0160317CD177}.Release|Any CPU.Build.0 = Release|Any CPU
		{5A84FB63-6B0D-4986-82AB-41734FE6CAE0}.Debug|Any CPU.ActiveCfg = Debug|Any CPU
		{5A84FB63-6B0D-4986-82AB-41734FE6CAE0}.Debug|Any CPU.Build.0 = Debug|Any CPU
		{5A84FB63-6B0D-4986-82AB-41734FE6CAE0}.Release|Any CPU.ActiveCfg = Release|Any CPU
		{5A84FB63-6B0D-4986-82AB-41734FE6CAE0}.Release|Any CPU.Build.0 = Release|Any CPU
		{934C75C3-6C54-4693-AEB0-49062F609D38}.Debug|Any CPU.ActiveCfg = Debug|Any CPU
		{934C75C3-6C54-4693-AEB0-49062F609D38}.Debug|Any CPU.Build.0 = Debug|Any CPU
		{934C75C3-6C54-4693-AEB0-49062F609D38}.Release|Any CPU.ActiveCfg = Release|Any CPU
		{934C75C3-6C54-4693-AEB0-49062F609D38}.Release|Any CPU.Build.0 = Release|Any CPU
		{C3531EBC-27D2-440E-A396-579B3BA16DCD}.Debug|Any CPU.ActiveCfg = Debug|Any CPU
		{C3531EBC-27D2-440E-A396-579B3BA16DCD}.Debug|Any CPU.Build.0 = Debug|Any CPU
		{C3531EBC-27D2-440E-A396-579B3BA16DCD}.Release|Any CPU.ActiveCfg = Release|Any CPU
		{C3531EBC-27D2-440E-A396-579B3BA16DCD}.Release|Any CPU.Build.0 = Release|Any CPU
		{D39E8EF8-576D-4B8D-846C-F66F2A70D9D2}.Debug|Any CPU.ActiveCfg = Debug|Any CPU
		{D39E8EF8-576D-4B8D-846C-F66F2A70D9D2}.Debug|Any CPU.Build.0 = Debug|Any CPU
		{D39E8EF8-576D-4B8D-846C-F66F2A70D9D2}.Release|Any CPU.ActiveCfg = Release|Any CPU
		{D39E8EF8-576D-4B8D-846C-F66F2A70D9D2}.Release|Any CPU.Build.0 = Release|Any CPU
		{5AF1C1A5-ABE0-4B4E-8F43-257A2BCC935E}.Debug|Any CPU.ActiveCfg = Debug|Any CPU
		{5AF1C1A5-ABE0-4B4E-8F43-257A2BCC935E}.Debug|Any CPU.Build.0 = Debug|Any CPU
		{5AF1C1A5-ABE0-4B4E-8F43-257A2BCC935E}.Release|Any CPU.ActiveCfg = Release|Any CPU
		{5AF1C1A5-ABE0-4B4E-8F43-257A2BCC935E}.Release|Any CPU.Build.0 = Release|Any CPU
		{00DF7E84-B13C-4760-98C1-B0619835E1C5}.Debug|Any CPU.ActiveCfg = Debug|Any CPU
		{00DF7E84-B13C-4760-98C1-B0619835E1C5}.Debug|Any CPU.Build.0 = Debug|Any CPU
		{00DF7E84-B13C-4760-98C1-B0619835E1C5}.Release|Any CPU.ActiveCfg = Release|Any CPU
		{00DF7E84-B13C-4760-98C1-B0619835E1C5}.Release|Any CPU.Build.0 = Release|Any CPU
		{D792F815-02F9-4C30-92FA-1C40ED0879FE}.Debug|Any CPU.ActiveCfg = Debug|Any CPU
		{D792F815-02F9-4C30-92FA-1C40ED0879FE}.Debug|Any CPU.Build.0 = Debug|Any CPU
		{D792F815-02F9-4C30-92FA-1C40ED0879FE}.Release|Any CPU.ActiveCfg = Release|Any CPU
		{D792F815-02F9-4C30-92FA-1C40ED0879FE}.Release|Any CPU.Build.0 = Release|Any CPU
		{D0F6A0E7-50EA-4F32-8BFD-D86D81BF7E17}.Debug|Any CPU.ActiveCfg = Debug|Any CPU
		{D0F6A0E7-50EA-4F32-8BFD-D86D81BF7E17}.Debug|Any CPU.Build.0 = Debug|Any CPU
		{D0F6A0E7-50EA-4F32-8BFD-D86D81BF7E17}.Release|Any CPU.ActiveCfg = Release|Any CPU
		{D0F6A0E7-50EA-4F32-8BFD-D86D81BF7E17}.Release|Any CPU.Build.0 = Release|Any CPU
	EndGlobalSection
	GlobalSection(SolutionProperties) = preSolution
		HideSolutionNode = FALSE
	EndGlobalSection
	GlobalSection(ExtensibilityGlobals) = postSolution
		SolutionGuid = {4F77324E-1D30-4A3C-BE84-631B4FC8912C}
	EndGlobalSection
EndGlobal
