
Microsoft Visual Studio Solution File, Format Version 12.00
# Visual Studio 15
VisualStudioVersion = 15.0.27004.2002
MinimumVisualStudioVersion = 10.0.40219.1
Project("{FAE04EC0-301F-11D3-BF4B-00C04F79EFBC}") = "z2", "z1\z2.csproj", "{B2F2B377-3664-4BC7-B725-6AB494B6808B}"
EndProject
Project("{FAE04EC0-301F-11D3-BF4B-00C04F79EFBC}") = "z3", "z2\z3.csproj", "{DD7B72C8-863E-4B07-9074-756C6C3B456D}"
EndProject
Project("{FAE04EC0-301F-11D3-BF4B-00C04F79EFBC}") = "z4", "z3\z4.csproj", "{F74F61E3-F383-45AF-A219-87CAB2334832}"
EndProject
Project("{FAE04EC0-301F-11D3-BF4B-00C04F79EFBC}") = "z5", "z4\z5.csproj", "{778AF845-4BB2-47F5-B5C8-4EC0B3E860F1}"
EndProject
Project("{FAE04EC0-301F-11D3-BF4B-00C04F79EFBC}") = "z6", "ConsoleApp1\z6.csproj", "{5118FE69-A439-4857-ABBE-736520502E4D}"
EndProject
Project("{FAE04EC0-301F-11D3-BF4B-00C04F79EFBC}") = "z7", "ConsoleApp2\z7.csproj", "{339AC58F-663C-4155-853D-5880B2D9DEF9}"
EndProject
Project("{FAE04EC0-301F-11D3-BF4B-00C04F79EFBC}") = "z8", "ConsoleApp3\z8.csproj", "{5A018F68-5960-4669-BC42-8B0F0AA7EAA8}"
EndProject
Project("{FAE04EC0-301F-11D3-BF4B-00C04F79EFBC}") = "z9", "z9\z9.csproj", "{C1DEFDB1-76B1-40C4-83D4-21809D8FFC13}"
EndProject
Project("{FAE04EC0-301F-11D3-BF4B-00C04F79EFBC}") = "z10", "z10\z10.csproj", "{AA0F839B-0826-46F4-913B-E5F5F7F8066D}"
EndProject
Global
	GlobalSection(SolutionConfigurationPlatforms) = preSolution
		Debug|Any CPU = Debug|Any CPU
		Release|Any CPU = Release|Any CPU
	EndGlobalSection
	GlobalSection(ProjectConfigurationPlatforms) = postSolution
		{B2F2B377-3664-4BC7-B725-6AB494B6808B}.Debug|Any CPU.ActiveCfg = Debug|Any CPU
		{B2F2B377-3664-4BC7-B725-6AB494B6808B}.Debug|Any CPU.Build.0 = Debug|Any CPU
		{B2F2B377-3664-4BC7-B725-6AB494B6808B}.Release|Any CPU.ActiveCfg = Release|Any CPU
		{B2F2B377-3664-4BC7-B725-6AB494B6808B}.Release|Any CPU.Build.0 = Release|Any CPU
		{DD7B72C8-863E-4B07-9074-756C6C3B456D}.Debug|Any CPU.ActiveCfg = Debug|Any CPU
		{DD7B72C8-863E-4B07-9074-756C6C3B456D}.Debug|Any CPU.Build.0 = Debug|Any CPU
		{DD7B72C8-863E-4B07-9074-756C6C3B456D}.Release|Any CPU.ActiveCfg = Release|Any CPU
		{DD7B72C8-863E-4B07-9074-756C6C3B456D}.Release|Any CPU.Build.0 = Release|Any CPU
		{F74F61E3-F383-45AF-A219-87CAB2334832}.Debug|Any CPU.ActiveCfg = Debug|Any CPU
		{F74F61E3-F383-45AF-A219-87CAB2334832}.Debug|Any CPU.Build.0 = Debug|Any CPU
		{F74F61E3-F383-45AF-A219-87CAB2334832}.Release|Any CPU.ActiveCfg = Release|Any CPU
		{F74F61E3-F383-45AF-A219-87CAB2334832}.Release|Any CPU.Build.0 = Release|Any CPU
		{778AF845-4BB2-47F5-B5C8-4EC0B3E860F1}.Debug|Any CPU.ActiveCfg = Debug|Any CPU
		{778AF845-4BB2-47F5-B5C8-4EC0B3E860F1}.Debug|Any CPU.Build.0 = Debug|Any CPU
		{778AF845-4BB2-47F5-B5C8-4EC0B3E860F1}.Release|Any CPU.ActiveCfg = Release|Any CPU
		{778AF845-4BB2-47F5-B5C8-4EC0B3E860F1}.Release|Any CPU.Build.0 = Release|Any CPU
		{5118FE69-A439-4857-ABBE-736520502E4D}.Debug|Any CPU.ActiveCfg = Debug|Any CPU
		{5118FE69-A439-4857-ABBE-736520502E4D}.Debug|Any CPU.Build.0 = Debug|Any CPU
		{5118FE69-A439-4857-ABBE-736520502E4D}.Release|Any CPU.ActiveCfg = Release|Any CPU
		{5118FE69-A439-4857-ABBE-736520502E4D}.Release|Any CPU.Build.0 = Release|Any CPU
		{339AC58F-663C-4155-853D-5880B2D9DEF9}.Debug|Any CPU.ActiveCfg = Debug|Any CPU
		{339AC58F-663C-4155-853D-5880B2D9DEF9}.Debug|Any CPU.Build.0 = Debug|Any CPU
		{339AC58F-663C-4155-853D-5880B2D9DEF9}.Release|Any CPU.ActiveCfg = Release|Any CPU
		{339AC58F-663C-4155-853D-5880B2D9DEF9}.Release|Any CPU.Build.0 = Release|Any CPU
		{5A018F68-5960-4669-BC42-8B0F0AA7EAA8}.Debug|Any CPU.ActiveCfg = Debug|Any CPU
		{5A018F68-5960-4669-BC42-8B0F0AA7EAA8}.Debug|Any CPU.Build.0 = Debug|Any CPU
		{5A018F68-5960-4669-BC42-8B0F0AA7EAA8}.Release|Any CPU.ActiveCfg = Release|Any CPU
		{5A018F68-5960-4669-BC42-8B0F0AA7EAA8}.Release|Any CPU.Build.0 = Release|Any CPU
		{C1DEFDB1-76B1-40C4-83D4-21809D8FFC13}.Debug|Any CPU.ActiveCfg = Debug|Any CPU
		{C1DEFDB1-76B1-40C4-83D4-21809D8FFC13}.Debug|Any CPU.Build.0 = Debug|Any CPU
		{C1DEFDB1-76B1-40C4-83D4-21809D8FFC13}.Release|Any CPU.ActiveCfg = Release|Any CPU
		{C1DEFDB1-76B1-40C4-83D4-21809D8FFC13}.Release|Any CPU.Build.0 = Release|Any CPU
		{AA0F839B-0826-46F4-913B-E5F5F7F8066D}.Debug|Any CPU.ActiveCfg = Debug|Any CPU
		{AA0F839B-0826-46F4-913B-E5F5F7F8066D}.Debug|Any CPU.Build.0 = Debug|Any CPU
		{AA0F839B-0826-46F4-913B-E5F5F7F8066D}.Release|Any CPU.ActiveCfg = Release|Any CPU
		{AA0F839B-0826-46F4-913B-E5F5F7F8066D}.Release|Any CPU.Build.0 = Release|Any CPU
	EndGlobalSection
	GlobalSection(SolutionProperties) = preSolution
		HideSolutionNode = FALSE
	EndGlobalSection
	GlobalSection(ExtensibilityGlobals) = postSolution
		SolutionGuid = {0F433D04-8DB7-4877-942C-A4AA35734825}
	EndGlobalSection
EndGlobal
